
Microsoft Visual Studio Solution File, Format Version 12.00
# Visual Studio Version 16
VisualStudioVersion = 16.0.31424.327
MinimumVisualStudioVersion = 10.0.40219.1
Project("{FAE04EC0-301F-11D3-BF4B-00C04F79EFBC}") = "LineBot_Order_Core_Web", "LineBot_Order_Core_Web\LineBot_Order_Core_Web.csproj", "{1D2B294B-B072-4637-B7EC-5E03ACF9EE6E}"
EndProject
Global
	GlobalSection(SolutionConfigurationPlatforms) = preSolution
		Debug|Any CPU = Debug|Any CPU
		Release|Any CPU = Release|Any CPU
	EndGlobalSection
	GlobalSection(ProjectConfigurationPlatforms) = postSolution
		{1D2B294B-B072-4637-B7EC-5E03ACF9EE6E}.Debug|Any CPU.ActiveCfg = Debug|Any CPU
		{1D2B294B-B072-4637-B7EC-5E03ACF9EE6E}.Debug|Any CPU.Build.0 = Debug|Any CPU
		{1D2B294B-B072-4637-B7EC-5E03ACF9EE6E}.Release|Any CPU.ActiveCfg = Release|Any CPU
		{1D2B294B-B072-4637-B7EC-5E03ACF9EE6E}.Release|Any CPU.Build.0 = Release|Any CPU
	EndGlobalSection
	GlobalSection(SolutionProperties) = preSolution
		HideSolutionNode = FALSE
	EndGlobalSection
	GlobalSection(ExtensibilityGlobals) = postSolution
		SolutionGuid = {8AC25C03-97EF-40CF-A256-E08AA8F4AFB1}
	EndGlobalSection
EndGlobal
